
Microsoft Visual Studio Solution File, Format Version 12.00
# Visual Studio 14
VisualStudioVersion = 14.0.23107.0
MinimumVisualStudioVersion = 10.0.40219.1
Project("{2150E333-8FDC-42A3-9474-1A3956D46DE8}") = "Engine", "Engine", "{BE68ECF5-A6EE-4196-92A4-9B307CC23B3B}"
EndProject
Project("{2150E333-8FDC-42A3-9474-1A3956D46DE8}") = "Game", "Game", "{9DDA4166-5F66-4456-AFDB-B73DAEFDF902}"
EndProject
Project("{2150E333-8FDC-42A3-9474-1A3956D46DE8}") = "Tools", "Tools", "{9E3BAAC2-EF41-452C-8BDD-FD303B8BD22D}"
EndProject
Project("{8BC9CEB8-8B4A-11D0-8D11-00A0C91BC942}") = "BuildAssets", "Code\Game\BuildAssets\BuildAssets.vcxproj", "{3670C64E-AAA0-4056-BF89-744D0276F609}"
	ProjectSection(ProjectDependencies) = postProject
		{ABF804FE-993A-43E2-A242-F3090A290B12} = {ABF804FE-993A-43E2-A242-F3090A290B12}
	EndProjectSection
EndProject
Project("{8BC9CEB8-8B4A-11D0-8D11-00A0C91BC942}") = "AssetBuilder", "Code\Tools\AssetBuilder\AssetBuilder.vcxproj", "{ABF804FE-993A-43E2-A242-F3090A290B12}"
	ProjectSection(ProjectDependencies) = postProject
		{BE8EC303-2D5D-4FEE-8885-CF0D04425973} = {BE8EC303-2D5D-4FEE-8885-CF0D04425973}
		{8F582B61-E6DD-4A39-A8CC-85B11216A28F} = {8F582B61-E6DD-4A39-A8CC-85B11216A28F}
		{C9BDAC7C-C59A-4367-A21D-0FEDABB93012} = {C9BDAC7C-C59A-4367-A21D-0FEDABB93012}
		{5F8004A7-75AD-49AC-85C7-96D9B9F19533} = {5F8004A7-75AD-49AC-85C7-96D9B9F19533}
		{45CDCFF0-7F57-457F-9706-C3C15E7EA597} = {45CDCFF0-7F57-457F-9706-C3C15E7EA597}
	EndProjectSection
EndProject
Project("{8BC9CEB8-8B4A-11D0-8D11-00A0C91BC942}") = "Game", "Code\Game\Game\Game.vcxproj", "{433FF686-9527-4C97-8EF4-060152A428B5}"
	ProjectSection(ProjectDependencies) = postProject
		{01DE470D-10E0-4626-A996-FE16E2A6C73B} = {01DE470D-10E0-4626-A996-FE16E2A6C73B}
	EndProjectSection
EndProject
Project("{8BC9CEB8-8B4A-11D0-8D11-00A0C91BC942}") = "Graphics", "Code\Engine\Graphics\Graphics.vcxproj", "{01DE470D-10E0-4626-A996-FE16E2A6C73B}"
	ProjectSection(ProjectDependencies) = postProject
		{B6BC0082-C4EF-4B54-9247-6C5FF414FF2A} = {B6BC0082-C4EF-4B54-9247-6C5FF414FF2A}
		{711368C6-6AEF-4F2F-905A-27E318C7B57C} = {711368C6-6AEF-4F2F-905A-27E318C7B57C}
		{45CDCFF0-7F57-457F-9706-C3C15E7EA597} = {45CDCFF0-7F57-457F-9706-C3C15E7EA597}
	EndProjectSection
EndProject
Project("{8BC9CEB8-8B4A-11D0-8D11-00A0C91BC942}") = "Windows", "Code\Engine\Windows\Windows.vcxproj", "{8F582B61-E6DD-4A39-A8CC-85B11216A28F}"
EndProject
Project("{8BC9CEB8-8B4A-11D0-8D11-00A0C91BC942}") = "UserOutput", "Code\Engine\UserOutput\UserOutput.vcxproj", "{711368C6-6AEF-4F2F-905A-27E318C7B57C}"
EndProject
Project("{2150E333-8FDC-42A3-9474-1A3956D46DE8}") = "External", "External", "{ED2022A0-0657-493E-95D3-BD2FD01D5792}"
EndProject
Project("{8BC9CEB8-8B4A-11D0-8D11-00A0C91BC942}") = "OpenGlExtensions", "Code\External\OpenGlExtensions\OpenGlExtensions.vcxproj", "{B6BC0082-C4EF-4B54-9247-6C5FF414FF2A}"
	ProjectSection(ProjectDependencies) = postProject
		{8F582B61-E6DD-4A39-A8CC-85B11216A28F} = {8F582B61-E6DD-4A39-A8CC-85B11216A28F}
	EndProjectSection
EndProject
Project("{8BC9CEB8-8B4A-11D0-8D11-00A0C91BC942}") = "Lua", "Code\External\Lua\Lua.vcxproj", "{45CDCFF0-7F57-457F-9706-C3C15E7EA597}"
EndProject
Project("{8BC9CEB8-8B4A-11D0-8D11-00A0C91BC942}") = "LuaC", "Code\External\Lua\LuaC.vcxproj", "{393119AF-5F33-4130-9BE8-8A59EEBED07E}"
	ProjectSection(ProjectDependencies) = postProject
		{45CDCFF0-7F57-457F-9706-C3C15E7EA597} = {45CDCFF0-7F57-457F-9706-C3C15E7EA597}
	EndProjectSection
EndProject
Project("{8BC9CEB8-8B4A-11D0-8D11-00A0C91BC942}") = "LuaExe", "Code\External\Lua\LuaExe.vcxproj", "{9653A255-0309-403F-9193-DE569343011F}"
	ProjectSection(ProjectDependencies) = postProject
		{45CDCFF0-7F57-457F-9706-C3C15E7EA597} = {45CDCFF0-7F57-457F-9706-C3C15E7EA597}
	EndProjectSection
EndProject
Project("{8BC9CEB8-8B4A-11D0-8D11-00A0C91BC942}") = "BuilderHelper", "Code\Tools\BuilderHelper\BuilderHelper.vcxproj", "{5F8004A7-75AD-49AC-85C7-96D9B9F19533}"
EndProject
Project("{8BC9CEB8-8B4A-11D0-8D11-00A0C91BC942}") = "GenericBuilder", "Code\Tools\GenericBuilder\GenericBuilder.vcxproj", "{C9BDAC7C-C59A-4367-A21D-0FEDABB93012}"
	ProjectSection(ProjectDependencies) = postProject
		{8F582B61-E6DD-4A39-A8CC-85B11216A28F} = {8F582B61-E6DD-4A39-A8CC-85B11216A28F}
		{5F8004A7-75AD-49AC-85C7-96D9B9F19533} = {5F8004A7-75AD-49AC-85C7-96D9B9F19533}
	EndProjectSection
EndProject
Project("{8BC9CEB8-8B4A-11D0-8D11-00A0C91BC942}") = "MeshBuilder", "Code\Tools\MeshBuilder\MeshBuilder.vcxproj", "{BE8EC303-2D5D-4FEE-8885-CF0D04425973}"
	ProjectSection(ProjectDependencies) = postProject
		{8F582B61-E6DD-4A39-A8CC-85B11216A28F} = {8F582B61-E6DD-4A39-A8CC-85B11216A28F}
		{5F8004A7-75AD-49AC-85C7-96D9B9F19533} = {5F8004A7-75AD-49AC-85C7-96D9B9F19533}
		{45CDCFF0-7F57-457F-9706-C3C15E7EA597} = {45CDCFF0-7F57-457F-9706-C3C15E7EA597}
	EndProjectSection
EndProject
Project("{2150E333-8FDC-42A3-9474-1A3956D46DE8}") = "Scripts", "Scripts", "{10B07F36-8D10-4098-B2DD-38BA03222E33}"
	ProjectSection(SolutionItems) = preProject
		Scripts\AssetsToBuild.lua = Scripts\AssetsToBuild.lua
		Scripts\BuildAssets.lua = Scripts\BuildAssets.lua
	EndProjectSection
EndProject
Global
	GlobalSection(SolutionConfigurationPlatforms) = preSolution
		Debug|Direct3D_64 = Debug|Direct3D_64
		Debug|OpenGL_32 = Debug|OpenGL_32
		Release|Direct3D_64 = Release|Direct3D_64
		Release|OpenGL_32 = Release|OpenGL_32
	EndGlobalSection
	GlobalSection(ProjectConfigurationPlatforms) = postSolution
		{3670C64E-AAA0-4056-BF89-744D0276F609}.Debug|Direct3D_64.ActiveCfg = Debug|x64
		{3670C64E-AAA0-4056-BF89-744D0276F609}.Debug|Direct3D_64.Build.0 = Debug|x64
		{3670C64E-AAA0-4056-BF89-744D0276F609}.Debug|OpenGL_32.ActiveCfg = Debug|Win32
		{3670C64E-AAA0-4056-BF89-744D0276F609}.Debug|OpenGL_32.Build.0 = Debug|Win32
		{3670C64E-AAA0-4056-BF89-744D0276F609}.Release|Direct3D_64.ActiveCfg = Release|x64
		{3670C64E-AAA0-4056-BF89-744D0276F609}.Release|Direct3D_64.Build.0 = Release|x64
		{3670C64E-AAA0-4056-BF89-744D0276F609}.Release|OpenGL_32.ActiveCfg = Release|Win32
		{3670C64E-AAA0-4056-BF89-744D0276F609}.Release|OpenGL_32.Build.0 = Release|Win32
		{ABF804FE-993A-43E2-A242-F3090A290B12}.Debug|Direct3D_64.ActiveCfg = Debug|x64
		{ABF804FE-993A-43E2-A242-F3090A290B12}.Debug|Direct3D_64.Build.0 = Debug|x64
		{ABF804FE-993A-43E2-A242-F3090A290B12}.Debug|OpenGL_32.ActiveCfg = Debug|Win32
		{ABF804FE-993A-43E2-A242-F3090A290B12}.Debug|OpenGL_32.Build.0 = Debug|Win32
		{ABF804FE-993A-43E2-A242-F3090A290B12}.Release|Direct3D_64.ActiveCfg = Release|x64
		{ABF804FE-993A-43E2-A242-F3090A290B12}.Release|Direct3D_64.Build.0 = Release|x64
		{ABF804FE-993A-43E2-A242-F3090A290B12}.Release|OpenGL_32.ActiveCfg = Release|Win32
		{ABF804FE-993A-43E2-A242-F3090A290B12}.Release|OpenGL_32.Build.0 = Release|Win32
		{433FF686-9527-4C97-8EF4-060152A428B5}.Debug|Direct3D_64.ActiveCfg = Debug|x64
		{433FF686-9527-4C97-8EF4-060152A428B5}.Debug|Direct3D_64.Build.0 = Debug|x64
		{433FF686-9527-4C97-8EF4-060152A428B5}.Debug|OpenGL_32.ActiveCfg = Debug|Win32
		{433FF686-9527-4C97-8EF4-060152A428B5}.Debug|OpenGL_32.Build.0 = Debug|Win32
		{433FF686-9527-4C97-8EF4-060152A428B5}.Release|Direct3D_64.ActiveCfg = Release|x64
		{433FF686-9527-4C97-8EF4-060152A428B5}.Release|Direct3D_64.Build.0 = Release|x64
		{433FF686-9527-4C97-8EF4-060152A428B5}.Release|OpenGL_32.ActiveCfg = Release|Win32
		{433FF686-9527-4C97-8EF4-060152A428B5}.Release|OpenGL_32.Build.0 = Release|Win32
		{01DE470D-10E0-4626-A996-FE16E2A6C73B}.Debug|Direct3D_64.ActiveCfg = Debug|x64
		{01DE470D-10E0-4626-A996-FE16E2A6C73B}.Debug|Direct3D_64.Build.0 = Debug|x64
		{01DE470D-10E0-4626-A996-FE16E2A6C73B}.Debug|OpenGL_32.ActiveCfg = Debug|Win32
		{01DE470D-10E0-4626-A996-FE16E2A6C73B}.Debug|OpenGL_32.Build.0 = Debug|Win32
		{01DE470D-10E0-4626-A996-FE16E2A6C73B}.Release|Direct3D_64.ActiveCfg = Release|x64
		{01DE470D-10E0-4626-A996-FE16E2A6C73B}.Release|Direct3D_64.Build.0 = Release|x64
		{01DE470D-10E0-4626-A996-FE16E2A6C73B}.Release|OpenGL_32.ActiveCfg = Release|Win32
		{01DE470D-10E0-4626-A996-FE16E2A6C73B}.Release|OpenGL_32.Build.0 = Release|Win32
		{8F582B61-E6DD-4A39-A8CC-85B11216A28F}.Debug|Direct3D_64.ActiveCfg = Debug|x64
		{8F582B61-E6DD-4A39-A8CC-85B11216A28F}.Debug|Direct3D_64.Build.0 = Debug|x64
		{8F582B61-E6DD-4A39-A8CC-85B11216A28F}.Debug|OpenGL_32.ActiveCfg = Debug|Win32
		{8F582B61-E6DD-4A39-A8CC-85B11216A28F}.Debug|OpenGL_32.Build.0 = Debug|Win32
		{8F582B61-E6DD-4A39-A8CC-85B11216A28F}.Release|Direct3D_64.ActiveCfg = Release|x64
		{8F582B61-E6DD-4A39-A8CC-85B11216A28F}.Release|Direct3D_64.Build.0 = Release|x64
		{8F582B61-E6DD-4A39-A8CC-85B11216A28F}.Release|OpenGL_32.ActiveCfg = Release|Win32
		{8F582B61-E6DD-4A39-A8CC-85B11216A28F}.Release|OpenGL_32.Build.0 = Release|Win32
		{711368C6-6AEF-4F2F-905A-27E318C7B57C}.Debug|Direct3D_64.ActiveCfg = Debug|x64
		{711368C6-6AEF-4F2F-905A-27E318C7B57C}.Debug|Direct3D_64.Build.0 = Debug|x64
		{711368C6-6AEF-4F2F-905A-27E318C7B57C}.Debug|OpenGL_32.ActiveCfg = Debug|Win32
		{711368C6-6AEF-4F2F-905A-27E318C7B57C}.Debug|OpenGL_32.Build.0 = Debug|Win32
		{711368C6-6AEF-4F2F-905A-27E318C7B57C}.Release|Direct3D_64.ActiveCfg = Release|x64
		{711368C6-6AEF-4F2F-905A-27E318C7B57C}.Release|Direct3D_64.Build.0 = Release|x64
		{711368C6-6AEF-4F2F-905A-27E318C7B57C}.Release|OpenGL_32.ActiveCfg = Release|Win32
		{711368C6-6AEF-4F2F-905A-27E318C7B57C}.Release|OpenGL_32.Build.0 = Release|Win32
		{B6BC0082-C4EF-4B54-9247-6C5FF414FF2A}.Debug|Direct3D_64.ActiveCfg = Debug|x64
		{B6BC0082-C4EF-4B54-9247-6C5FF414FF2A}.Debug|Direct3D_64.Build.0 = Debug|x64
		{B6BC0082-C4EF-4B54-9247-6C5FF414FF2A}.Debug|OpenGL_32.ActiveCfg = Debug|Win32
		{B6BC0082-C4EF-4B54-9247-6C5FF414FF2A}.Debug|OpenGL_32.Build.0 = Debug|Win32
		{B6BC0082-C4EF-4B54-9247-6C5FF414FF2A}.Release|Direct3D_64.ActiveCfg = Release|x64
		{B6BC0082-C4EF-4B54-9247-6C5FF414FF2A}.Release|Direct3D_64.Build.0 = Release|x64
		{B6BC0082-C4EF-4B54-9247-6C5FF414FF2A}.Release|OpenGL_32.ActiveCfg = Release|Win32
		{B6BC0082-C4EF-4B54-9247-6C5FF414FF2A}.Release|OpenGL_32.Build.0 = Release|Win32
		{45CDCFF0-7F57-457F-9706-C3C15E7EA597}.Debug|Direct3D_64.ActiveCfg = Debug|x64
		{45CDCFF0-7F57-457F-9706-C3C15E7EA597}.Debug|Direct3D_64.Build.0 = Debug|x64
		{45CDCFF0-7F57-457F-9706-C3C15E7EA597}.Debug|OpenGL_32.ActiveCfg = Debug|Win32
		{45CDCFF0-7F57-457F-9706-C3C15E7EA597}.Debug|OpenGL_32.Build.0 = Debug|Win32
		{45CDCFF0-7F57-457F-9706-C3C15E7EA597}.Release|Direct3D_64.ActiveCfg = Release|x64
		{45CDCFF0-7F57-457F-9706-C3C15E7EA597}.Release|Direct3D_64.Build.0 = Release|x64
		{45CDCFF0-7F57-457F-9706-C3C15E7EA597}.Release|OpenGL_32.ActiveCfg = Release|Win32
		{45CDCFF0-7F57-457F-9706-C3C15E7EA597}.Release|OpenGL_32.Build.0 = Release|Win32
		{393119AF-5F33-4130-9BE8-8A59EEBED07E}.Debug|Direct3D_64.ActiveCfg = Debug|x64
		{393119AF-5F33-4130-9BE8-8A59EEBED07E}.Debug|Direct3D_64.Build.0 = Debug|x64
		{393119AF-5F33-4130-9BE8-8A59EEBED07E}.Debug|OpenGL_32.ActiveCfg = Debug|Win32
		{393119AF-5F33-4130-9BE8-8A59EEBED07E}.Debug|OpenGL_32.Build.0 = Debug|Win32
		{393119AF-5F33-4130-9BE8-8A59EEBED07E}.Release|Direct3D_64.ActiveCfg = Release|x64
		{393119AF-5F33-4130-9BE8-8A59EEBED07E}.Release|Direct3D_64.Build.0 = Release|x64
		{393119AF-5F33-4130-9BE8-8A59EEBED07E}.Release|OpenGL_32.ActiveCfg = Release|Win32
		{393119AF-5F33-4130-9BE8-8A59EEBED07E}.Release|OpenGL_32.Build.0 = Release|Win32
		{9653A255-0309-403F-9193-DE569343011F}.Debug|Direct3D_64.ActiveCfg = Debug|x64
		{9653A255-0309-403F-9193-DE569343011F}.Debug|Direct3D_64.Build.0 = Debug|x64
		{9653A255-0309-403F-9193-DE569343011F}.Debug|OpenGL_32.ActiveCfg = Debug|Win32
		{9653A255-0309-403F-9193-DE569343011F}.Debug|OpenGL_32.Build.0 = Debug|Win32
		{9653A255-0309-403F-9193-DE569343011F}.Release|Direct3D_64.ActiveCfg = Release|x64
		{9653A255-0309-403F-9193-DE569343011F}.Release|Direct3D_64.Build.0 = Release|x64
		{9653A255-0309-403F-9193-DE569343011F}.Release|OpenGL_32.ActiveCfg = Release|Win32
		{9653A255-0309-403F-9193-DE569343011F}.Release|OpenGL_32.Build.0 = Release|Win32
		{5F8004A7-75AD-49AC-85C7-96D9B9F19533}.Debug|Direct3D_64.ActiveCfg = Debug|x64
		{5F8004A7-75AD-49AC-85C7-96D9B9F19533}.Debug|Direct3D_64.Build.0 = Debug|x64
		{5F8004A7-75AD-49AC-85C7-96D9B9F19533}.Debug|OpenGL_32.ActiveCfg = Debug|Win32
		{5F8004A7-75AD-49AC-85C7-96D9B9F19533}.Debug|OpenGL_32.Build.0 = Debug|Win32
		{5F8004A7-75AD-49AC-85C7-96D9B9F19533}.Release|Direct3D_64.ActiveCfg = Release|x64
		{5F8004A7-75AD-49AC-85C7-96D9B9F19533}.Release|Direct3D_64.Build.0 = Release|x64
		{5F8004A7-75AD-49AC-85C7-96D9B9F19533}.Release|OpenGL_32.ActiveCfg = Release|Win32
		{5F8004A7-75AD-49AC-85C7-96D9B9F19533}.Release|OpenGL_32.Build.0 = Release|Win32
		{C9BDAC7C-C59A-4367-A21D-0FEDABB93012}.Debug|Direct3D_64.ActiveCfg = Debug|x64
		{C9BDAC7C-C59A-4367-A21D-0FEDABB93012}.Debug|Direct3D_64.Build.0 = Debug|x64
		{C9BDAC7C-C59A-4367-A21D-0FEDABB93012}.Debug|OpenGL_32.ActiveCfg = Debug|Win32
		{C9BDAC7C-C59A-4367-A21D-0FEDABB93012}.Debug|OpenGL_32.Build.0 = Debug|Win32
		{C9BDAC7C-C59A-4367-A21D-0FEDABB93012}.Release|Direct3D_64.ActiveCfg = Release|x64
		{C9BDAC7C-C59A-4367-A21D-0FEDABB93012}.Release|Direct3D_64.Build.0 = Release|x64
		{C9BDAC7C-C59A-4367-A21D-0FEDABB93012}.Release|OpenGL_32.ActiveCfg = Release|Win32
		{C9BDAC7C-C59A-4367-A21D-0FEDABB93012}.Release|OpenGL_32.Build.0 = Release|Win32
		{BE8EC303-2D5D-4FEE-8885-CF0D04425973}.Debug|Direct3D_64.ActiveCfg = Debug|x64
		{BE8EC303-2D5D-4FEE-8885-CF0D04425973}.Debug|Direct3D_64.Build.0 = Debug|x64
		{BE8EC303-2D5D-4FEE-8885-CF0D04425973}.Debug|OpenGL_32.ActiveCfg = Debug|Win32
		{BE8EC303-2D5D-4FEE-8885-CF0D04425973}.Debug|OpenGL_32.Build.0 = Debug|Win32
		{BE8EC303-2D5D-4FEE-8885-CF0D04425973}.Release|Direct3D_64.ActiveCfg = Release|x64
		{BE8EC303-2D5D-4FEE-8885-CF0D04425973}.Release|Direct3D_64.Build.0 = Release|x64
		{BE8EC303-2D5D-4FEE-8885-CF0D04425973}.Release|OpenGL_32.ActiveCfg = Release|Win32
		{BE8EC303-2D5D-4FEE-8885-CF0D04425973}.Release|OpenGL_32.Build.0 = Release|Win32
	EndGlobalSection
	GlobalSection(SolutionProperties) = preSolution
		HideSolutionNode = FALSE
	EndGlobalSection
	GlobalSection(NestedProjects) = preSolution
		{3670C64E-AAA0-4056-BF89-744D0276F609} = {9DDA4166-5F66-4456-AFDB-B73DAEFDF902}
		{ABF804FE-993A-43E2-A242-F3090A290B12} = {9E3BAAC2-EF41-452C-8BDD-FD303B8BD22D}
		{433FF686-9527-4C97-8EF4-060152A428B5} = {9DDA4166-5F66-4456-AFDB-B73DAEFDF902}
		{01DE470D-10E0-4626-A996-FE16E2A6C73B} = {BE68ECF5-A6EE-4196-92A4-9B307CC23B3B}
		{8F582B61-E6DD-4A39-A8CC-85B11216A28F} = {BE68ECF5-A6EE-4196-92A4-9B307CC23B3B}
		{711368C6-6AEF-4F2F-905A-27E318C7B57C} = {BE68ECF5-A6EE-4196-92A4-9B307CC23B3B}
		{B6BC0082-C4EF-4B54-9247-6C5FF414FF2A} = {ED2022A0-0657-493E-95D3-BD2FD01D5792}
		{45CDCFF0-7F57-457F-9706-C3C15E7EA597} = {ED2022A0-0657-493E-95D3-BD2FD01D5792}
		{393119AF-5F33-4130-9BE8-8A59EEBED07E} = {ED2022A0-0657-493E-95D3-BD2FD01D5792}
		{9653A255-0309-403F-9193-DE569343011F} = {ED2022A0-0657-493E-95D3-BD2FD01D5792}
		{5F8004A7-75AD-49AC-85C7-96D9B9F19533} = {9E3BAAC2-EF41-452C-8BDD-FD303B8BD22D}
		{C9BDAC7C-C59A-4367-A21D-0FEDABB93012} = {9E3BAAC2-EF41-452C-8BDD-FD303B8BD22D}
		{BE8EC303-2D5D-4FEE-8885-CF0D04425973} = {9E3BAAC2-EF41-452C-8BDD-FD303B8BD22D}
	EndGlobalSection
EndGlobal
